
Microsoft Visual Studio Solution File, Format Version 12.00
# Visual Studio Version 17
VisualStudioVersion = 17.11.35303.130
MinimumVisualStudioVersion = 10.0.40219.1
Project("{FAE04EC0-301F-11D3-BF4B-00C04F79EFBC}") = "QRCodeBooking", "QRCodeBooking.csproj", "{031D4760-1267-43B9-A31C-8727BA0353FC}"
EndProject
Global
	GlobalSection(SolutionConfigurationPlatforms) = preSolution
		Debug|Any CPU = Debug|Any CPU
		Release|Any CPU = Release|Any CPU
	EndGlobalSection
	GlobalSection(ProjectConfigurationPlatforms) = postSolution
		{031D4760-1267-43B9-A31C-8727BA0353FC}.Debug|Any CPU.ActiveCfg = Debug|Any CPU
		{031D4760-1267-43B9-A31C-8727BA0353FC}.Debug|Any CPU.Build.0 = Debug|Any CPU
		{031D4760-1267-43B9-A31C-8727BA0353FC}.Release|Any CPU.ActiveCfg = Release|Any CPU
		{031D4760-1267-43B9-A31C-8727BA0353FC}.Release|Any CPU.Build.0 = Release|Any CPU
	EndGlobalSection
	GlobalSection(SolutionProperties) = preSolution
		HideSolutionNode = FALSE
	EndGlobalSection
	GlobalSection(ExtensibilityGlobals) = postSolution
		SolutionGuid = {EAB09711-EE61-4A67-9F22-E28C2CB4CAD5}
	EndGlobalSection
EndGlobal
